PODS:
  - Alamofire (4.7.3)
  - lottie-ios (2.5.2)
  - MarqueeLabel/Swift (3.2.0)
  - Moya (11.0.2):
    - Moya/Core (= 11.0.2)
  - Moya/Core (11.0.2):
    - Alamofire (~> 4.1)
    - Result (~> 3.0)
  - NotificationBannerSwift (1.6.3):
    - MarqueeLabel/Swift
    - SnapKit (~> 4.0)
  - Realm (3.11.1):
    - Realm/Headers (= 3.11.1)
  - Realm/Headers (3.11.1)
  - RealmSwift (3.11.1):
    - Realm (= 3.11.1)
  - Result (3.2.4)
  - RxCocoa (4.3.1):
    - RxSwift (~> 4.0)
  - RxSwift (4.3.1)
  - SnapKit (4.2.0)
  - Sodium (0.6)
  - SSZipArchive (2.1.4)
  - Starscream (3.0.6)

DEPENDENCIES:
  - Alamofire
  - lottie-ios
  - Moya (~> 11.0)
  - NotificationBannerSwift (= 1.6.3)
  - RealmSwift
  - RxCocoa
  - RxSwift
  - Sodium (from `https://github.com/nebyark/swift-sodium`)
  - SSZipArchive
  - Starscream

EXTERNAL SOURCES:
  Sodium:
    :git: https://github.com/nebyark/swift-sodium

CHECKOUT OPTIONS:
  Sodium:
    :commit: 4b32f5d12c587e4252e039d60f9a1498526ece5b
    :git: https://github.com/nebyark/swift-sodium

SPEC CHECKSUMS:
  Alamofire: c7287b6e5d7da964a70935e5db17046b7fde6568
  lottie-ios: 3fef45d3fabe63e3c7c2eb603dd64ddfffc73062
  MarqueeLabel: 440a502b91a9179bd98f9fff00ba1150650a1c0e
  Moya: a725035953bc1c0eb1be505ab903984501d82440
  NotificationBannerSwift: b231e4c3244848ef300e1c53ce027b9756b9b06f
  Realm: 037c5919b9ceb59d6beed5d3b031096856b119b3
  RealmSwift: c9580133e73ef40ed340401af2dbc9a5790dfea7
  Result: d2d07204ce72856f1fd9130bbe42c35a7b0fea10
  RxCocoa: 78763c7b07d02455598d9fc3c1ad091a28b73635
  RxSwift: fe0fd770a43acdb7d0a53da411c9b892e69bb6e4
  SnapKit: fe8a619752f3f27075cc9a90244d75c6c3f27e2a
  Sodium: 3cd000dc8d21be5d448fbb4366a7b1c9392b1ae6
  SSZipArchive: 41455d4b8d2b6ab93990820b50dc697c2554a322
  Starscream: ef3ece99d765eeccb67de105bfa143f929026cf5

PODFILE CHECKSUM: d0ecce584a59812593c27566cd01b948a08ba2ed

COCOAPODS: 1.4.0
